
Microsoft Visual Studio Solution File, Format Version 12.00
# Visual Studio 15
VisualStudioVersion = 15.0.26403.7
MinimumVisualStudioVersion = 10.0.40219.1
Project("{FAE04EC0-301F-11D3-BF4B-00C04F79EFBC}") = "Wavelength.Api", "Wavelength.Api\Wavelength.Api.csproj", "{429A5BD3-40DF-4079-A1D0-B92228E9769C}"
EndProject
Project("{E53339B2-1760-4266-BCC7-CA923CBCF16C}") = "docker-compose", "docker-compose.dcproj", "{6233241F-AD61-40B6-97CC-6C6C5AE8B856}"
EndProject
Project("{D954291E-2A0B-460D-934E-DC6B0785DB48}") = "Wavelength.Dto", "Wavelength.Dto\Wavelength.Dto.shproj", "{E2DB4ACA-BC85-4B3D-8A49-895B3F380649}"
EndProject
Project("{9A19103F-16F7-4668-BE54-9A1E7A4F7556}") = "Wavelength.Api.Tests", "Wavelength.Api.Tests\Wavelength.Api.Tests.csproj", "{2E3EE367-9EEF-4726-BA0F-6E373E5E0FC8}"
EndProject
Project("{FAE04EC0-301F-11D3-BF4B-00C04F79EFBC}") = "Wavelength.App.Android", "Wavelength.App\Wavelength.App.Android\Wavelength.App.Android.csproj", "{4CAE0E95-A200-4B0C-981D-718AEA3BBD43}"
EndProject
Project("{FAE04EC0-301F-11D3-BF4B-00C04F79EFBC}") = "Wavelength.App.iOS", "Wavelength.App\Wavelength.App.iOS\Wavelength.App.iOS.csproj", "{5B2026C8-F44C-4251-886C-7C8CCE5FED17}"
EndProject
Project("{D954291E-2A0B-460D-934E-DC6B0785DB48}") = "Wavelength.App", "Wavelength.App\Wavelength.App\Wavelength.App.shproj", "{61A234B6-D62A-4638-B8BB-8594455B7307}"
EndProject
Global
	GlobalSection(SharedMSBuildProjectFiles) = preSolution
		Wavelength.App\Wavelength.App\Wavelength.App.projitems*{4cae0e95-a200-4b0c-981d-718aea3bbd43}*SharedItemsImports = 4
		Wavelength.Dto\Wavelength.Dto.projitems*{4cae0e95-a200-4b0c-981d-718aea3bbd43}*SharedItemsImports = 4
		Wavelength.App\Wavelength.App\Wavelength.App.projitems*{61a234b6-d62a-4638-b8bb-8594455b7307}*SharedItemsImports = 13
		Wavelength.Dto\Wavelength.Dto.projitems*{e2db4aca-bc85-4b3d-8a49-895b3f380649}*SharedItemsImports = 13
	EndGlobalSection
	GlobalSection(SolutionConfigurationPlatforms) = preSolution
		AppStore|Any CPU = AppStore|Any CPU
		AppStore|iPhone = AppStore|iPhone
		AppStore|iPhoneSimulator = AppStore|iPhoneSimulator
		Debug|Any CPU = Debug|Any CPU
		Debug|iPhone = Debug|iPhone
		Debug|iPhoneSimulator = Debug|iPhoneSimulator
		Release|Any CPU = Release|Any CPU
		Release|iPhone = Release|iPhone
		Release|iPhoneSimulator = Release|iPhoneSimulator
	EndGlobalSection
	GlobalSection(ProjectConfigurationPlatforms) = postSolution
		{429A5BD3-40DF-4079-A1D0-B92228E9769C}.AppStore|Any CPU.ActiveCfg = Debug|Any CPU
		{429A5BD3-40DF-4079-A1D0-B92228E9769C}.AppStore|Any CPU.Build.0 = Debug|Any CPU
		{429A5BD3-40DF-4079-A1D0-B92228E9769C}.AppStore|iPhone.ActiveCfg = Debug|Any CPU
		{429A5BD3-40DF-4079-A1D0-B92228E9769C}.AppStore|iPhone.Build.0 = Debug|Any CPU
		{429A5BD3-40DF-4079-A1D0-B92228E9769C}.AppStore|iPhoneSimulator.ActiveCfg = Debug|Any CPU
		{429A5BD3-40DF-4079-A1D0-B92228E9769C}.AppStore|iPhoneSimulator.Build.0 = Debug|Any CPU
		{429A5BD3-40DF-4079-A1D0-B92228E9769C}.Debug|Any CPU.ActiveCfg = Debug|Any CPU
		{429A5BD3-40DF-4079-A1D0-B92228E9769C}.Debug|Any CPU.Build.0 = Debug|Any CPU
		{429A5BD3-40DF-4079-A1D0-B92228E9769C}.Debug|iPhone.ActiveCfg = Debug|Any CPU
		{429A5BD3-40DF-4079-A1D0-B92228E9769C}.Debug|iPhone.Build.0 = Debug|Any CPU
		{429A5BD3-40DF-4079-A1D0-B92228E9769C}.Debug|iPhoneSimulator.ActiveCfg = Debug|Any CPU
		{429A5BD3-40DF-4079-A1D0-B92228E9769C}.Debug|iPhoneSimulator.Build.0 = Debug|Any CPU
		{429A5BD3-40DF-4079-A1D0-B92228E9769C}.Release|Any CPU.ActiveCfg = Release|Any CPU
		{429A5BD3-40DF-4079-A1D0-B92228E9769C}.Release|Any CPU.Build.0 = Release|Any CPU
		{429A5BD3-40DF-4079-A1D0-B92228E9769C}.Release|iPhone.ActiveCfg = Release|Any CPU
		{429A5BD3-40DF-4079-A1D0-B92228E9769C}.Release|iPhone.Build.0 = Release|Any CPU
		{429A5BD3-40DF-4079-A1D0-B92228E9769C}.Release|iPhoneSimulator.ActiveCfg = Release|Any CPU
		{429A5BD3-40DF-4079-A1D0-B92228E9769C}.Release|iPhoneSimulator.Build.0 = Release|Any CPU
		{6233241F-AD61-40B6-97CC-6C6C5AE8B856}.AppStore|Any CPU.ActiveCfg = Debug|Any CPU
		{6233241F-AD61-40B6-97CC-6C6C5AE8B856}.AppStore|Any CPU.Build.0 = Debug|Any CPU
		{6233241F-AD61-40B6-97CC-6C6C5AE8B856}.AppStore|iPhone.ActiveCfg = Debug|Any CPU
		{6233241F-AD61-40B6-97CC-6C6C5AE8B856}.AppStore|iPhone.Build.0 = Debug|Any CPU
		{6233241F-AD61-40B6-97CC-6C6C5AE8B856}.AppStore|iPhoneSimulator.ActiveCfg = Debug|Any CPU
		{6233241F-AD61-40B6-97CC-6C6C5AE8B856}.AppStore|iPhoneSimulator.Build.0 = Debug|Any CPU
		{6233241F-AD61-40B6-97CC-6C6C5AE8B856}.Debug|Any CPU.ActiveCfg = Debug|Any CPU
		{6233241F-AD61-40B6-97CC-6C6C5AE8B856}.Debug|Any CPU.Build.0 = Debug|Any CPU
		{6233241F-AD61-40B6-97CC-6C6C5AE8B856}.Debug|iPhone.ActiveCfg = Debug|Any CPU
		{6233241F-AD61-40B6-97CC-6C6C5AE8B856}.Debug|iPhone.Build.0 = Debug|Any CPU
		{6233241F-AD61-40B6-97CC-6C6C5AE8B856}.Debug|iPhoneSimulator.ActiveCfg = Debug|Any CPU
		{6233241F-AD61-40B6-97CC-6C6C5AE8B856}.Debug|iPhoneSimulator.Build.0 = Debug|Any CPU
		{6233241F-AD61-40B6-97CC-6C6C5AE8B856}.Release|Any CPU.ActiveCfg = Release|Any CPU
		{6233241F-AD61-40B6-97CC-6C6C5AE8B856}.Release|Any CPU.Build.0 = Release|Any CPU
		{6233241F-AD61-40B6-97CC-6C6C5AE8B856}.Release|iPhone.ActiveCfg = Release|Any CPU
		{6233241F-AD61-40B6-97CC-6C6C5AE8B856}.Release|iPhone.Build.0 = Release|Any CPU
		{6233241F-AD61-40B6-97CC-6C6C5AE8B856}.Release|iPhoneSimulator.ActiveCfg = Release|Any CPU
		{6233241F-AD61-40B6-97CC-6C6C5AE8B856}.Release|iPhoneSimulator.Build.0 = Release|Any CPU
		{2E3EE367-9EEF-4726-BA0F-6E373E5E0FC8}.AppStore|Any CPU.ActiveCfg = Debug|Any CPU
		{2E3EE367-9EEF-4726-BA0F-6E373E5E0FC8}.AppStore|Any CPU.Build.0 = Debug|Any CPU
		{2E3EE367-9EEF-4726-BA0F-6E373E5E0FC8}.AppStore|iPhone.ActiveCfg = Debug|Any CPU
		{2E3EE367-9EEF-4726-BA0F-6E373E5E0FC8}.AppStore|iPhone.Build.0 = Debug|Any CPU
		{2E3EE367-9EEF-4726-BA0F-6E373E5E0FC8}.AppStore|iPhoneSimulator.ActiveCfg = Debug|Any CPU
		{2E3EE367-9EEF-4726-BA0F-6E373E5E0FC8}.AppStore|iPhoneSimulator.Build.0 = Debug|Any CPU
		{2E3EE367-9EEF-4726-BA0F-6E373E5E0FC8}.Debug|Any CPU.ActiveCfg = Debug|Any CPU
		{2E3EE367-9EEF-4726-BA0F-6E373E5E0FC8}.Debug|Any CPU.Build.0 = Debug|Any CPU
		{2E3EE367-9EEF-4726-BA0F-6E373E5E0FC8}.Debug|iPhone.ActiveCfg = Debug|Any CPU
		{2E3EE367-9EEF-4726-BA0F-6E373E5E0FC8}.Debug|iPhone.Build.0 = Debug|Any CPU
		{2E3EE367-9EEF-4726-BA0F-6E373E5E0FC8}.Debug|iPhoneSimulator.ActiveCfg = Debug|Any CPU
		{2E3EE367-9EEF-4726-BA0F-6E373E5E0FC8}.Debug|iPhoneSimulator.Build.0 = Debug|Any CPU
		{2E3EE367-9EEF-4726-BA0F-6E373E5E0FC8}.Release|Any CPU.ActiveCfg = Release|Any CPU
		{2E3EE367-9EEF-4726-BA0F-6E373E5E0FC8}.Release|Any CPU.Build.0 = Release|Any CPU
		{2E3EE367-9EEF-4726-BA0F-6E373E5E0FC8}.Release|iPhone.ActiveCfg = Release|Any CPU
		{2E3EE367-9EEF-4726-BA0F-6E373E5E0FC8}.Release|iPhone.Build.0 = Release|Any CPU
		{2E3EE367-9EEF-4726-BA0F-6E373E5E0FC8}.Release|iPhoneSimulator.ActiveCfg = Release|Any CPU
		{2E3EE367-9EEF-4726-BA0F-6E373E5E0FC8}.Release|iPhoneSimulator.Build.0 = Release|Any CPU
		{4CAE0E95-A200-4B0C-981D-718AEA3BBD43}.AppStore|Any CPU.ActiveCfg = Release|Any CPU
		{4CAE0E95-A200-4B0C-981D-718AEA3BBD43}.AppStore|Any CPU.Build.0 = Release|Any CPU
		{4CAE0E95-A200-4B0C-981D-718AEA3BBD43}.AppStore|Any CPU.Deploy.0 = Release|Any CPU
		{4CAE0E95-A200-4B0C-981D-718AEA3BBD43}.AppStore|iPhone.ActiveCfg = Release|Any CPU
		{4CAE0E95-A200-4B0C-981D-718AEA3BBD43}.AppStore|iPhone.Build.0 = Release|Any CPU
		{4CAE0E95-A200-4B0C-981D-718AEA3BBD43}.AppStore|iPhone.Deploy.0 = Release|Any CPU
		{4CAE0E95-A200-4B0C-981D-718AEA3BBD43}.AppStore|iPhoneSimulator.ActiveCfg = Release|Any CPU
		{4CAE0E95-A200-4B0C-981D-718AEA3BBD43}.AppStore|iPhoneSimulator.Build.0 = Release|Any CPU
		{4CAE0E95-A200-4B0C-981D-718AEA3BBD43}.AppStore|iPhoneSimulator.Deploy.0 = Release|Any CPU
		{4CAE0E95-A200-4B0C-981D-718AEA3BBD43}.Debug|Any CPU.ActiveCfg = Debug|Any CPU
		{4CAE0E95-A200-4B0C-981D-718AEA3BBD43}.Debug|Any CPU.Build.0 = Debug|Any CPU
		{4CAE0E95-A200-4B0C-981D-718AEA3BBD43}.Debug|Any CPU.Deploy.0 = Debug|Any CPU
		{4CAE0E95-A200-4B0C-981D-718AEA3BBD43}.Debug|iPhone.ActiveCfg = Debug|Any CPU
		{4CAE0E95-A200-4B0C-981D-718AEA3BBD43}.Debug|iPhone.Build.0 = Debug|Any CPU
		{4CAE0E95-A200-4B0C-981D-718AEA3BBD43}.Debug|iPhone.Deploy.0 = Debug|Any CPU
		{4CAE0E95-A200-4B0C-981D-718AEA3BBD43}.Debug|iPhoneSimulator.ActiveCfg = Debug|Any CPU
		{4CAE0E95-A200-4B0C-981D-718AEA3BBD43}.Debug|iPhoneSimulator.Build.0 = Debug|Any CPU
		{4CAE0E95-A200-4B0C-981D-718AEA3BBD43}.Debug|iPhoneSimulator.Deploy.0 = Debug|Any CPU
		{4CAE0E95-A200-4B0C-981D-718AEA3BBD43}.Release|Any CPU.ActiveCfg = Release|Any CPU
		{4CAE0E95-A200-4B0C-981D-718AEA3BBD43}.Release|Any CPU.Build.0 = Release|Any CPU
		{4CAE0E95-A200-4B0C-981D-718AEA3BBD43}.Release|Any CPU.Deploy.0 = Release|Any CPU
		{4CAE0E95-A200-4B0C-981D-718AEA3BBD43}.Release|iPhone.ActiveCfg = Release|Any CPU
		{4CAE0E95-A200-4B0C-981D-718AEA3BBD43}.Release|iPhone.Build.0 = Release|Any CPU
		{4CAE0E95-A200-4B0C-981D-718AEA3BBD43}.Release|iPhone.Deploy.0 = Release|Any CPU
		{4CAE0E95-A200-4B0C-981D-718AEA3BBD43}.Release|iPhoneSimulator.ActiveCfg = Release|Any CPU
		{4CAE0E95-A200-4B0C-981D-718AEA3BBD43}.Release|iPhoneSimulator.Build.0 = Release|Any CPU
		{4CAE0E95-A200-4B0C-981D-718AEA3BBD43}.Release|iPhoneSimulator.Deploy.0 = Release|Any CPU
		{5B2026C8-F44C-4251-886C-7C8CCE5FED17}.AppStore|Any CPU.ActiveCfg = Release|iPhone
		{5B2026C8-F44C-4251-886C-7C8CCE5FED17}.AppStore|Any CPU.Build.0 = Release|iPhone
		{5B2026C8-F44C-4251-886C-7C8CCE5FED17}.AppStore|iPhone.ActiveCfg = Release|iPhone
		{5B2026C8-F44C-4251-886C-7C8CCE5FED17}.AppStore|iPhone.Build.0 = Release|iPhone
		{5B2026C8-F44C-4251-886C-7C8CCE5FED17}.AppStore|iPhoneSimulator.ActiveCfg = Release|iPhoneSimulator
		{5B2026C8-F44C-4251-886C-7C8CCE5FED17}.AppStore|iPhoneSimulator.Build.0 = Release|iPhoneSimulator
		{5B2026C8-F44C-4251-886C-7C8CCE5FED17}.Debug|Any CPU.ActiveCfg = Debug|iPhone
		{5B2026C8-F44C-4251-886C-7C8CCE5FED17}.Debug|iPhone.ActiveCfg = Debug|iPhone
		{5B2026C8-F44C-4251-886C-7C8CCE5FED17}.Debug|iPhone.Build.0 = Debug|iPhone
		{5B2026C8-F44C-4251-886C-7C8CCE5FED17}.Debug|iPhoneSimulator.ActiveCfg = Debug|iPhoneSimulator
		{5B2026C8-F44C-4251-886C-7C8CCE5FED17}.Debug|iPhoneSimulator.Build.0 = Debug|iPhoneSimulator
		{5B2026C8-F44C-4251-886C-7C8CCE5FED17}.Release|Any CPU.ActiveCfg = Release|iPhone
		{5B2026C8-F44C-4251-886C-7C8CCE5FED17}.Release|iPhone.ActiveCfg = Release|iPhone
		{5B2026C8-F44C-4251-886C-7C8CCE5FED17}.Release|iPhone.Build.0 = Release|iPhone
		{5B2026C8-F44C-4251-886C-7C8CCE5FED17}.Release|iPhoneSimulator.ActiveCfg = Release|iPhoneSimulator
		{5B2026C8-F44C-4251-886C-7C8CCE5FED17}.Release|iPhoneSimulator.Build.0 = Release|iPhoneSimulator
	EndGlobalSection
	GlobalSection(SolutionProperties) = preSolution
		HideSolutionNode = FALSE
	EndGlobalSection
EndGlobal
