
Microsoft Visual Studio Solution File, Format Version 12.00
# Visual Studio 15
VisualStudioVersion = 15.0.26403.7
MinimumVisualStudioVersion = 10.0.40219.1
Project("{FAE04EC0-301F-11D3-BF4B-00C04F79EFBC}") = "wavelength.Android", "wavelength\wavelength.Android\wavelength.Android.csproj", "{E0059EA2-DE6E-46BA-ACD1-8A74A4D3C574}"
EndProject
Project("{FAE04EC0-301F-11D3-BF4B-00C04F79EFBC}") = "wavelength.iOS", "wavelength\wavelength.iOS\wavelength.iOS.csproj", "{CC4F2E29-555B-4EE9-95BF-39FE861CF633}"
EndProject
Project("{FAE04EC0-301F-11D3-BF4B-00C04F79EFBC}") = "wavelength", "wavelength\wavelength\wavelength.csproj", "{5A4F43F4-9EB6-486E-A743-1C194C52FAEA}"
EndProject
Global
	GlobalSection(SharedMSBuildProjectFiles) = preSolution
		Wavelength\Wavelength\Wavelength.projitems*{05bf9dbd-d042-4c61-96eb-e98659005b30}*SharedItemsImports = 13
		Wavelength\Wavelength\Wavelength.projitems*{41dc9848-c2eb-4a94-bc6c-f4b87f91ed43}*SharedItemsImports = 4
		Wavelength\Wavelength\Wavelength.projitems*{4e53941f-a624-41e8-b8f4-de43005cb3de}*SharedItemsImports = 4
	EndGlobalSection
	GlobalSection(SolutionConfigurationPlatforms) = preSolution
		Debug|Any CPU = Debug|Any CPU
		Debug|iPhone = Debug|iPhone
		Debug|iPhoneSimulator = Debug|iPhoneSimulator
		Release|Any CPU = Release|Any CPU
		Release|iPhone = Release|iPhone
		Release|iPhoneSimulator = Release|iPhoneSimulator
	EndGlobalSection
	GlobalSection(ProjectConfigurationPlatforms) = postSolution
		{E0059EA2-DE6E-46BA-ACD1-8A74A4D3C574}.Debug|Any CPU.ActiveCfg = Debug|Any CPU
		{E0059EA2-DE6E-46BA-ACD1-8A74A4D3C574}.Debug|Any CPU.Build.0 = Debug|Any CPU
		{E0059EA2-DE6E-46BA-ACD1-8A74A4D3C574}.Debug|Any CPU.Deploy.0 = Debug|Any CPU
		{E0059EA2-DE6E-46BA-ACD1-8A74A4D3C574}.Debug|iPhone.ActiveCfg = Debug|Any CPU
		{E0059EA2-DE6E-46BA-ACD1-8A74A4D3C574}.Debug|iPhone.Build.0 = Debug|Any CPU
		{E0059EA2-DE6E-46BA-ACD1-8A74A4D3C574}.Debug|iPhone.Deploy.0 = Debug|Any CPU
		{E0059EA2-DE6E-46BA-ACD1-8A74A4D3C574}.Debug|iPhoneSimulator.ActiveCfg = Debug|Any CPU
		{E0059EA2-DE6E-46BA-ACD1-8A74A4D3C574}.Debug|iPhoneSimulator.Build.0 = Debug|Any CPU
		{E0059EA2-DE6E-46BA-ACD1-8A74A4D3C574}.Debug|iPhoneSimulator.Deploy.0 = Debug|Any CPU
		{E0059EA2-DE6E-46BA-ACD1-8A74A4D3C574}.Release|Any CPU.ActiveCfg = Release|Any CPU
		{E0059EA2-DE6E-46BA-ACD1-8A74A4D3C574}.Release|Any CPU.Build.0 = Release|Any CPU
		{E0059EA2-DE6E-46BA-ACD1-8A74A4D3C574}.Release|Any CPU.Deploy.0 = Release|Any CPU
		{E0059EA2-DE6E-46BA-ACD1-8A74A4D3C574}.Release|iPhone.ActiveCfg = Release|Any CPU
		{E0059EA2-DE6E-46BA-ACD1-8A74A4D3C574}.Release|iPhone.Build.0 = Release|Any CPU
		{E0059EA2-DE6E-46BA-ACD1-8A74A4D3C574}.Release|iPhone.Deploy.0 = Release|Any CPU
		{E0059EA2-DE6E-46BA-ACD1-8A74A4D3C574}.Release|iPhoneSimulator.ActiveCfg = Release|Any CPU
		{E0059EA2-DE6E-46BA-ACD1-8A74A4D3C574}.Release|iPhoneSimulator.Build.0 = Release|Any CPU
		{E0059EA2-DE6E-46BA-ACD1-8A74A4D3C574}.Release|iPhoneSimulator.Deploy.0 = Release|Any CPU
		{CC4F2E29-555B-4EE9-95BF-39FE861CF633}.Debug|Any CPU.ActiveCfg = Debug|iPhone
		{CC4F2E29-555B-4EE9-95BF-39FE861CF633}.Debug|iPhone.ActiveCfg = Debug|iPhone
		{CC4F2E29-555B-4EE9-95BF-39FE861CF633}.Debug|iPhone.Build.0 = Debug|iPhone
		{CC4F2E29-555B-4EE9-95BF-39FE861CF633}.Debug|iPhoneSimulator.ActiveCfg = Debug|iPhoneSimulator
		{CC4F2E29-555B-4EE9-95BF-39FE861CF633}.Debug|iPhoneSimulator.Build.0 = Debug|iPhoneSimulator
		{CC4F2E29-555B-4EE9-95BF-39FE861CF633}.Release|Any CPU.ActiveCfg = Release|iPhone
		{CC4F2E29-555B-4EE9-95BF-39FE861CF633}.Release|iPhone.ActiveCfg = Release|iPhone
		{CC4F2E29-555B-4EE9-95BF-39FE861CF633}.Release|iPhone.Build.0 = Release|iPhone
		{CC4F2E29-555B-4EE9-95BF-39FE861CF633}.Release|iPhoneSimulator.ActiveCfg = Release|iPhoneSimulator
		{CC4F2E29-555B-4EE9-95BF-39FE861CF633}.Release|iPhoneSimulator.Build.0 = Release|iPhoneSimulator
		{5A4F43F4-9EB6-486E-A743-1C194C52FAEA}.Debug|Any CPU.ActiveCfg = Debug|Any CPU
		{5A4F43F4-9EB6-486E-A743-1C194C52FAEA}.Debug|Any CPU.Build.0 = Debug|Any CPU
		{5A4F43F4-9EB6-486E-A743-1C194C52FAEA}.Debug|iPhone.ActiveCfg = Debug|Any CPU
		{5A4F43F4-9EB6-486E-A743-1C194C52FAEA}.Debug|iPhone.Build.0 = Debug|Any CPU
		{5A4F43F4-9EB6-486E-A743-1C194C52FAEA}.Debug|iPhoneSimulator.ActiveCfg = Debug|Any CPU
		{5A4F43F4-9EB6-486E-A743-1C194C52FAEA}.Debug|iPhoneSimulator.Build.0 = Debug|Any CPU
		{5A4F43F4-9EB6-486E-A743-1C194C52FAEA}.Release|Any CPU.ActiveCfg = Release|Any CPU
		{5A4F43F4-9EB6-486E-A743-1C194C52FAEA}.Release|Any CPU.Build.0 = Release|Any CPU
		{5A4F43F4-9EB6-486E-A743-1C194C52FAEA}.Release|iPhone.ActiveCfg = Release|Any CPU
		{5A4F43F4-9EB6-486E-A743-1C194C52FAEA}.Release|iPhone.Build.0 = Release|Any CPU
		{5A4F43F4-9EB6-486E-A743-1C194C52FAEA}.Release|iPhoneSimulator.ActiveCfg = Release|Any CPU
		{5A4F43F4-9EB6-486E-A743-1C194C52FAEA}.Release|iPhoneSimulator.Build.0 = Release|Any CPU
	EndGlobalSection
	GlobalSection(SolutionProperties) = preSolution
		HideSolutionNode = FALSE
	EndGlobalSection
EndGlobal
